
Microsoft Visual Studio Solution File, Format Version 12.00
# Visual Studio Version 16
VisualStudioVersion = 16.0.31829.152
MinimumVisualStudioVersion = 10.0.40219.1
Project("{2150E333-8FDC-42A3-9474-1A3956D46DE8}") = "src", "src", "{10F5F0E7-9C3E-4AED-ABF5-12B1252E3250}"
EndProject
Project("{2150E333-8FDC-42A3-9474-1A3956D46DE8}") = "Building Blocks", "Building Blocks", "{2B1CDB4B-6543-47C4-8D83-7CDF2BFA2E06}"
EndProject
Project("{2150E333-8FDC-42A3-9474-1A3956D46DE8}") = "Services", "Services", "{F4B61B07-DFFD-444E-A0F3-8641308E7BC2}"
EndProject
Project("{2150E333-8FDC-42A3-9474-1A3956D46DE8}") = "Web", "Web", "{EF7A8D7D-68B1-4B47-B965-A5C732A47A84}"
EndProject
Project("{2150E333-8FDC-42A3-9474-1A3956D46DE8}") = "Identidade", "Identidade", "{C8875637-430D-4AF7-AAE3-1476C803451E}"
EndProject
Project("{9A19103F-16F7-4668-BE54-9A1E7A4F7556}") = "EnterpriseApp.Identidade.API", "src\services\EnterpriseApp.Identidade.API\EnterpriseApp.Identidade.API.csproj", "{FD9B3990-6C0B-4C52-AF86-8ACB862DB737}"
EndProject
Project("{9A19103F-16F7-4668-BE54-9A1E7A4F7556}") = "EnterpriseApp.WebApp.MVC", "src\web\EnterpriseApp.WebApp.MVC\EnterpriseApp.WebApp.MVC.csproj", "{A5912FE7-535A-4E25-94DC-B82EC8A2996B}"
EndProject
Project("{2150E333-8FDC-42A3-9474-1A3956D46DE8}") = "Core", "Core", "{7D333105-28DF-4CCC-894A-AEC2CE5816ED}"
EndProject
Project("{9A19103F-16F7-4668-BE54-9A1E7A4F7556}") = "EnterpriseApp.Core", "src\building blocks\EnterpriseApp.Core\EnterpriseApp.Core.csproj", "{F20F3581-B606-4CC5-B9FD-5C0DEC79B3D1}"
EndProject
Project("{2150E333-8FDC-42A3-9474-1A3956D46DE8}") = "Carrinho", "Carrinho", "{4246330E-035F-4A80-847A-998119F16DD9}"
EndProject
Project("{2150E333-8FDC-42A3-9474-1A3956D46DE8}") = "Catalogo", "Catalogo", "{32F20C1E-CAD9-4045-99B4-F14605907B7C}"
EndProject
Project("{2150E333-8FDC-42A3-9474-1A3956D46DE8}") = "Cliente", "Cliente", "{D64B59BB-C060-4633-BDE3-DD4AA0FFE5CD}"
EndProject
Project("{2150E333-8FDC-42A3-9474-1A3956D46DE8}") = "Pagamento", "Pagamento", "{0B3AA128-E357-414F-9299-B9229FB926F0}"
EndProject
Project("{2150E333-8FDC-42A3-9474-1A3956D46DE8}") = "Pedido", "Pedido", "{76EEAFFD-D797-46A5-AA7D-751343310899}"
EndProject
Project("{9A19103F-16F7-4668-BE54-9A1E7A4F7556}") = "EnterpriseApp.Carrinho.API", "src\services\EnterpriseApp.Carrinho.API\EnterpriseApp.Carrinho.API.csproj", "{26E56892-BFFC-498D-BEC1-8F42BF571D34}"
EndProject
Project("{9A19103F-16F7-4668-BE54-9A1E7A4F7556}") = "EnterpriseApp.Catalogo.API", "src\services\EnterpriseApp.Catalogo.API\EnterpriseApp.Catalogo.API.csproj", "{75E06C86-A411-40DF-8F76-594535813342}"
EndProject
Project("{9A19103F-16F7-4668-BE54-9A1E7A4F7556}") = "EnterpriseApp.Cliente.API", "src\services\EnterpriseApp.Cliente.API\EnterpriseApp.Cliente.API.csproj", "{4FC154EB-86BA-4664-A81F-EA60DB45682F}"
EndProject
Project("{9A19103F-16F7-4668-BE54-9A1E7A4F7556}") = "EnterpriseApp.Pagamento.API", "src\services\EnterpriseApp.Pagamento.API\EnterpriseApp.Pagamento.API.csproj", "{BE144C7F-27C6-42B8-923D-B333DC92B047}"
EndProject
Project("{9A19103F-16F7-4668-BE54-9A1E7A4F7556}") = "EnterpriseApp.Pedido.API", "src\services\EnterpriseApp.Pedido.API\EnterpriseApp.Pedido.API.csproj", "{C975FF4D-197F-4447-99BC-ED85C95206D5}"
EndProject
Project("{2150E333-8FDC-42A3-9474-1A3956D46DE8}") = "Services", "Services", "{FE1D9FA0-0675-44EA-B516-265DBC9C6997}"
EndProject
Project("{FAE04EC0-301F-11D3-BF4B-00C04F79EFBC}") = "EnterpriseApp.API.Core", "src\building blocks\EnterpriseApp.API.Core\EnterpriseApp.API.Core.csproj", "{AFDE53ED-1F96-41BE-84D2-8B49AF4F6FE4}"
EndProject
Global
	GlobalSection(SolutionConfigurationPlatforms) = preSolution
		Debug|Any CPU = Debug|Any CPU
		Release|Any CPU = Release|Any CPU
	EndGlobalSection
	GlobalSection(ProjectConfigurationPlatforms) = postSolution
		{FD9B3990-6C0B-4C52-AF86-8ACB862DB737}.Debug|Any CPU.ActiveCfg = Debug|Any CPU
		{FD9B3990-6C0B-4C52-AF86-8ACB862DB737}.Debug|Any CPU.Build.0 = Debug|Any CPU
		{FD9B3990-6C0B-4C52-AF86-8ACB862DB737}.Release|Any CPU.ActiveCfg = Release|Any CPU
		{FD9B3990-6C0B-4C52-AF86-8ACB862DB737}.Release|Any CPU.Build.0 = Release|Any CPU
		{A5912FE7-535A-4E25-94DC-B82EC8A2996B}.Debug|Any CPU.ActiveCfg = Debug|Any CPU
		{A5912FE7-535A-4E25-94DC-B82EC8A2996B}.Debug|Any CPU.Build.0 = Debug|Any CPU
		{A5912FE7-535A-4E25-94DC-B82EC8A2996B}.Release|Any CPU.ActiveCfg = Release|Any CPU
		{A5912FE7-535A-4E25-94DC-B82EC8A2996B}.Release|Any CPU.Build.0 = Release|Any CPU
		{F20F3581-B606-4CC5-B9FD-5C0DEC79B3D1}.Debug|Any CPU.ActiveCfg = Debug|Any CPU
		{F20F3581-B606-4CC5-B9FD-5C0DEC79B3D1}.Debug|Any CPU.Build.0 = Debug|Any CPU
		{F20F3581-B606-4CC5-B9FD-5C0DEC79B3D1}.Release|Any CPU.ActiveCfg = Release|Any CPU
		{F20F3581-B606-4CC5-B9FD-5C0DEC79B3D1}.Release|Any CPU.Build.0 = Release|Any CPU
		{26E56892-BFFC-498D-BEC1-8F42BF571D34}.Debug|Any CPU.ActiveCfg = Debug|Any CPU
		{26E56892-BFFC-498D-BEC1-8F42BF571D34}.Debug|Any CPU.Build.0 = Debug|Any CPU
		{26E56892-BFFC-498D-BEC1-8F42BF571D34}.Release|Any CPU.ActiveCfg = Release|Any CPU
		{26E56892-BFFC-498D-BEC1-8F42BF571D34}.Release|Any CPU.Build.0 = Release|Any CPU
		{75E06C86-A411-40DF-8F76-594535813342}.Debug|Any CPU.ActiveCfg = Debug|Any CPU
		{75E06C86-A411-40DF-8F76-594535813342}.Debug|Any CPU.Build.0 = Debug|Any CPU
		{75E06C86-A411-40DF-8F76-594535813342}.Release|Any CPU.ActiveCfg = Release|Any CPU
		{75E06C86-A411-40DF-8F76-594535813342}.Release|Any CPU.Build.0 = Release|Any CPU
		{4FC154EB-86BA-4664-A81F-EA60DB45682F}.Debug|Any CPU.ActiveCfg = Debug|Any CPU
		{4FC154EB-86BA-4664-A81F-EA60DB45682F}.Debug|Any CPU.Build.0 = Debug|Any CPU
		{4FC154EB-86BA-4664-A81F-EA60DB45682F}.Release|Any CPU.ActiveCfg = Release|Any CPU
		{4FC154EB-86BA-4664-A81F-EA60DB45682F}.Release|Any CPU.Build.0 = Release|Any CPU
		{BE144C7F-27C6-42B8-923D-B333DC92B047}.Debug|Any CPU.ActiveCfg = Debug|Any CPU
		{BE144C7F-27C6-42B8-923D-B333DC92B047}.Debug|Any CPU.Build.0 = Debug|Any CPU
		{BE144C7F-27C6-42B8-923D-B333DC92B047}.Release|Any CPU.ActiveCfg = Release|Any CPU
		{BE144C7F-27C6-42B8-923D-B333DC92B047}.Release|Any CPU.Build.0 = Release|Any CPU
		{C975FF4D-197F-4447-99BC-ED85C95206D5}.Debug|Any CPU.ActiveCfg = Debug|Any CPU
		{C975FF4D-197F-4447-99BC-ED85C95206D5}.Debug|Any CPU.Build.0 = Debug|Any CPU
		{C975FF4D-197F-4447-99BC-ED85C95206D5}.Release|Any CPU.ActiveCfg = Release|Any CPU
		{C975FF4D-197F-4447-99BC-ED85C95206D5}.Release|Any CPU.Build.0 = Release|Any CPU
		{AFDE53ED-1F96-41BE-84D2-8B49AF4F6FE4}.Debug|Any CPU.ActiveCfg = Debug|Any CPU
		{AFDE53ED-1F96-41BE-84D2-8B49AF4F6FE4}.Debug|Any CPU.Build.0 = Debug|Any CPU
		{AFDE53ED-1F96-41BE-84D2-8B49AF4F6FE4}.Release|Any CPU.ActiveCfg = Release|Any CPU
		{AFDE53ED-1F96-41BE-84D2-8B49AF4F6FE4}.Release|Any CPU.Build.0 = Release|Any CPU
	EndGlobalSection
	GlobalSection(SolutionProperties) = preSolution
		HideSolutionNode = FALSE
	EndGlobalSection
	GlobalSection(NestedProjects) = preSolution
		{2B1CDB4B-6543-47C4-8D83-7CDF2BFA2E06} = {10F5F0E7-9C3E-4AED-ABF5-12B1252E3250}
		{F4B61B07-DFFD-444E-A0F3-8641308E7BC2} = {10F5F0E7-9C3E-4AED-ABF5-12B1252E3250}
		{EF7A8D7D-68B1-4B47-B965-A5C732A47A84} = {10F5F0E7-9C3E-4AED-ABF5-12B1252E3250}
		{C8875637-430D-4AF7-AAE3-1476C803451E} = {F4B61B07-DFFD-444E-A0F3-8641308E7BC2}
		{FD9B3990-6C0B-4C52-AF86-8ACB862DB737} = {C8875637-430D-4AF7-AAE3-1476C803451E}
		{A5912FE7-535A-4E25-94DC-B82EC8A2996B} = {EF7A8D7D-68B1-4B47-B965-A5C732A47A84}
		{7D333105-28DF-4CCC-894A-AEC2CE5816ED} = {2B1CDB4B-6543-47C4-8D83-7CDF2BFA2E06}
		{F20F3581-B606-4CC5-B9FD-5C0DEC79B3D1} = {7D333105-28DF-4CCC-894A-AEC2CE5816ED}
		{4246330E-035F-4A80-847A-998119F16DD9} = {F4B61B07-DFFD-444E-A0F3-8641308E7BC2}
		{32F20C1E-CAD9-4045-99B4-F14605907B7C} = {F4B61B07-DFFD-444E-A0F3-8641308E7BC2}
		{D64B59BB-C060-4633-BDE3-DD4AA0FFE5CD} = {F4B61B07-DFFD-444E-A0F3-8641308E7BC2}
		{0B3AA128-E357-414F-9299-B9229FB926F0} = {F4B61B07-DFFD-444E-A0F3-8641308E7BC2}
		{76EEAFFD-D797-46A5-AA7D-751343310899} = {F4B61B07-DFFD-444E-A0F3-8641308E7BC2}
		{26E56892-BFFC-498D-BEC1-8F42BF571D34} = {4246330E-035F-4A80-847A-998119F16DD9}
		{75E06C86-A411-40DF-8F76-594535813342} = {32F20C1E-CAD9-4045-99B4-F14605907B7C}
		{4FC154EB-86BA-4664-A81F-EA60DB45682F} = {D64B59BB-C060-4633-BDE3-DD4AA0FFE5CD}
		{BE144C7F-27C6-42B8-923D-B333DC92B047} = {0B3AA128-E357-414F-9299-B9229FB926F0}
		{C975FF4D-197F-4447-99BC-ED85C95206D5} = {76EEAFFD-D797-46A5-AA7D-751343310899}
		{FE1D9FA0-0675-44EA-B516-265DBC9C6997} = {2B1CDB4B-6543-47C4-8D83-7CDF2BFA2E06}
		{AFDE53ED-1F96-41BE-84D2-8B49AF4F6FE4} = {FE1D9FA0-0675-44EA-B516-265DBC9C6997}
	EndGlobalSection
	GlobalSection(ExtensibilityGlobals) = postSolution
		SolutionGuid = {53CB3640-B9AD-4C0B-A45F-F59E4452DEB7}
	EndGlobalSection
EndGlobal
